
Microsoft Visual Studio Solution File, Format Version 12.00
# Visual Studio Version 17
VisualStudioVersion = 17.10.34928.147
MinimumVisualStudioVersion = 10.0.40219.1
Project("{9A19103F-16F7-4668-BE54-9A1E7A4F7556}") = "Calmska", "Calmska\Calmska.csproj", "{3650F62D-6447-4484-8CE2-7207AC889957}"
EndProject
Project("{9A19103F-16F7-4668-BE54-9A1E7A4F7556}") = "Calmska.Api", "Calmska.Api\Calmska.Api.csproj", "{1194461F-04F1-478B-9D35-ADC6A3ACD044}"
EndProject
Project("{FAE04EC0-301F-11D3-BF4B-00C04F79EFBC}") = "Calmska.Tests", "Calmska.Tests\Calmska.Tests.csproj", "{2840AE98-D1D5-4908-9608-105D29B517AE}"
EndProject
Project("{FAE04EC0-301F-11D3-BF4B-00C04F79EFBC}") = "Calmska.Domain", "Calmska.Domain\Calmska.Domain.csproj", "{AF55B8E2-D8D4-4C68-8C54-CCEE664D41F0}"
EndProject
Project("{FAE04EC0-301F-11D3-BF4B-00C04F79EFBC}") = "Calmska.Application", "Calmska.Application\Calmska.Application.csproj", "{DE909F71-9D4B-4DDE-B4C6-B1810E8C668D}"
EndProject
Project("{FAE04EC0-301F-11D3-BF4B-00C04F79EFBC}") = "Calmska.Infrastructure", "Calmska.Infrastructure\Calmska.Infrastructure.csproj", "{CA25532A-CCF8-4C6E-B466-748B96FD11D1}"
EndProject
Project("{FAE04EC0-301F-11D3-BF4B-00C04F79EFBC}") = "Calmska.ApiClients", "Calmska.ApiClients\Calmska.ApiClients.csproj", "{908242CD-005D-4193-BB7A-732E512FF497}"
EndProject
Global
	GlobalSection(SolutionConfigurationPlatforms) = preSolution
		Debug|Any CPU = Debug|Any CPU
		Release|Any CPU = Release|Any CPU
	EndGlobalSection
	GlobalSection(ProjectConfigurationPlatforms) = postSolution
		{3650F62D-6447-4484-8CE2-7207AC889957}.Debug|Any CPU.ActiveCfg = Debug|Any CPU
		{3650F62D-6447-4484-8CE2-7207AC889957}.Debug|Any CPU.Build.0 = Debug|Any CPU
		{3650F62D-6447-4484-8CE2-7207AC889957}.Debug|Any CPU.Deploy.0 = Debug|Any CPU
		{3650F62D-6447-4484-8CE2-7207AC889957}.Release|Any CPU.ActiveCfg = Release|Any CPU
		{3650F62D-6447-4484-8CE2-7207AC889957}.Release|Any CPU.Build.0 = Release|Any CPU
		{3650F62D-6447-4484-8CE2-7207AC889957}.Release|Any CPU.Deploy.0 = Release|Any CPU
		{1194461F-04F1-478B-9D35-ADC6A3ACD044}.Debug|Any CPU.ActiveCfg = Debug|Any CPU
		{1194461F-04F1-478B-9D35-ADC6A3ACD044}.Debug|Any CPU.Build.0 = Debug|Any CPU
		{1194461F-04F1-478B-9D35-ADC6A3ACD044}.Release|Any CPU.ActiveCfg = Release|Any CPU
		{1194461F-04F1-478B-9D35-ADC6A3ACD044}.Release|Any CPU.Build.0 = Release|Any CPU
		{2840AE98-D1D5-4908-9608-105D29B517AE}.Debug|Any CPU.ActiveCfg = Debug|Any CPU
		{2840AE98-D1D5-4908-9608-105D29B517AE}.Debug|Any CPU.Build.0 = Debug|Any CPU
		{2840AE98-D1D5-4908-9608-105D29B517AE}.Release|Any CPU.ActiveCfg = Release|Any CPU
		{2840AE98-D1D5-4908-9608-105D29B517AE}.Release|Any CPU.Build.0 = Release|Any CPU
		{AF55B8E2-D8D4-4C68-8C54-CCEE664D41F0}.Debug|Any CPU.ActiveCfg = Debug|Any CPU
		{AF55B8E2-D8D4-4C68-8C54-CCEE664D41F0}.Debug|Any CPU.Build.0 = Debug|Any CPU
		{AF55B8E2-D8D4-4C68-8C54-CCEE664D41F0}.Release|Any CPU.ActiveCfg = Release|Any CPU
		{AF55B8E2-D8D4-4C68-8C54-CCEE664D41F0}.Release|Any CPU.Build.0 = Release|Any CPU
		{DE909F71-9D4B-4DDE-B4C6-B1810E8C668D}.Debug|Any CPU.ActiveCfg = Debug|Any CPU
		{DE909F71-9D4B-4DDE-B4C6-B1810E8C668D}.Debug|Any CPU.Build.0 = Debug|Any CPU
		{DE909F71-9D4B-4DDE-B4C6-B1810E8C668D}.Release|Any CPU.ActiveCfg = Release|Any CPU
		{DE909F71-9D4B-4DDE-B4C6-B1810E8C668D}.Release|Any CPU.Build.0 = Release|Any CPU
		{CA25532A-CCF8-4C6E-B466-748B96FD11D1}.Debug|Any CPU.ActiveCfg = Debug|Any CPU
		{CA25532A-CCF8-4C6E-B466-748B96FD11D1}.Debug|Any CPU.Build.0 = Debug|Any CPU
		{CA25532A-CCF8-4C6E-B466-748B96FD11D1}.Release|Any CPU.ActiveCfg = Release|Any CPU
		{CA25532A-CCF8-4C6E-B466-748B96FD11D1}.Release|Any CPU.Build.0 = Release|Any CPU
		{908242CD-005D-4193-BB7A-732E512FF497}.Debug|Any CPU.ActiveCfg = Debug|Any CPU
		{908242CD-005D-4193-BB7A-732E512FF497}.Debug|Any CPU.Build.0 = Debug|Any CPU
		{908242CD-005D-4193-BB7A-732E512FF497}.Release|Any CPU.ActiveCfg = Release|Any CPU
		{908242CD-005D-4193-BB7A-732E512FF497}.Release|Any CPU.Build.0 = Release|Any CPU
	EndGlobalSection
	GlobalSection(SolutionProperties) = preSolution
		HideSolutionNode = FALSE
	EndGlobalSection
	GlobalSection(ExtensibilityGlobals) = postSolution
		SolutionGuid = {E5197E57-7B9C-46B8-81F7-46352A15CBE7}
	EndGlobalSection
EndGlobal
